
Microsoft Visual Studio Solution File, Format Version 12.00
# Visual Studio Version 17
VisualStudioVersion = 17.3.32811.315
MinimumVisualStudioVersion = 10.0.40219.1
Project("{FAE04EC0-301F-11D3-BF4B-00C04F79EFBC}") = "SalesWebMvc", "SalesWebMvc\SalesWebMvc.csproj", "{A5EC63C0-54C4-47D0-B7EB-D095188E228E}"
EndProject
Global
	GlobalSection(SolutionConfigurationPlatforms) = preSolution
		Debug|Any CPU = Debug|Any CPU
		Release|Any CPU = Release|Any CPU
	EndGlobalSection
	GlobalSection(ProjectConfigurationPlatforms) = postSolution
		{A5EC63C0-54C4-47D0-B7EB-D095188E228E}.Debug|Any CPU.ActiveCfg = Debug|Any CPU
		{A5EC63C0-54C4-47D0-B7EB-D095188E228E}.Debug|Any CPU.Build.0 = Debug|Any CPU
		{A5EC63C0-54C4-47D0-B7EB-D095188E228E}.Release|Any CPU.ActiveCfg = Release|Any CPU
		{A5EC63C0-54C4-47D0-B7EB-D095188E228E}.Release|Any CPU.Build.0 = Release|Any CPU
	EndGlobalSection
	GlobalSection(SolutionProperties) = preSolution
		HideSolutionNode = FALSE
	EndGlobalSection
	GlobalSection(ExtensibilityGlobals) = postSolution
		SolutionGuid = {96691A94-4B60-443E-95C7-7BD6E91CC7ED}
	EndGlobalSection
EndGlobal
